
Microsoft Visual Studio Solution File, Format Version 12.00
# Visual Studio Version 16
VisualStudioVersion = 16.0.31328.270
MinimumVisualStudioVersion = 10.0.40219.1
Project("{FAE04EC0-301F-11D3-BF4B-00C04F79EFBC}") = "MSP430_UpdaterV2.0", "MSP430_UpdaterV2.0\MSP430_UpdaterV2.0.csproj", "{08132194-F19D-4412-99DB-B51B96948E06}"
EndProject
Global
	GlobalSection(SolutionConfigurationPlatforms) = preSolution
		Debug|Any CPU = Debug|Any CPU
		Release|Any CPU = Release|Any CPU
	EndGlobalSection
	GlobalSection(ProjectConfigurationPlatforms) = postSolution
		{08132194-F19D-4412-99DB-B51B96948E06}.Debug|Any CPU.ActiveCfg = Debug|Any CPU
		{08132194-F19D-4412-99DB-B51B96948E06}.Debug|Any CPU.Build.0 = Debug|Any CPU
		{08132194-F19D-4412-99DB-B51B96948E06}.Release|Any CPU.ActiveCfg = Release|Any CPU
		{08132194-F19D-4412-99DB-B51B96948E06}.Release|Any CPU.Build.0 = Release|Any CPU
	EndGlobalSection
	GlobalSection(SolutionProperties) = preSolution
		HideSolutionNode = FALSE
	EndGlobalSection
	GlobalSection(ExtensibilityGlobals) = postSolution
		SolutionGuid = {DFCE672C-AF96-497E-BA50-478615E6F462}
	EndGlobalSection
EndGlobal
